
Microsoft Visual Studio Solution File, Format Version 12.00
# Visual Studio Version 17
VisualStudioVersion = 17.12.35728.132
MinimumVisualStudioVersion = 10.0.40219.1
Project("{FAE04EC0-301F-11D3-BF4B-00C04F79EFBC}") = "Test_Examen", "Test_Examen.csproj", "{0961F46A-8E94-4D24-8DCE-CD168C9C2A75}"
EndProject
Project("{FAE04EC0-301F-11D3-BF4B-00C04F79EFBC}") = "Testing", "..\Testing\Testing.csproj", "{F072E432-6BD6-40AC-859A-430C612121CF}"
EndProject
Global
	GlobalSection(SolutionConfigurationPlatforms) = preSolution
		Debug|Any CPU = Debug|Any CPU
		Release|Any CPU = Release|Any CPU
	EndGlobalSection
	GlobalSection(ProjectConfigurationPlatforms) = postSolution
		{0961F46A-8E94-4D24-8DCE-CD168C9C2A75}.Debug|Any CPU.ActiveCfg = Debug|Any CPU
		{0961F46A-8E94-4D24-8DCE-CD168C9C2A75}.Debug|Any CPU.Build.0 = Debug|Any CPU
		{0961F46A-8E94-4D24-8DCE-CD168C9C2A75}.Release|Any CPU.ActiveCfg = Release|Any CPU
		{0961F46A-8E94-4D24-8DCE-CD168C9C2A75}.Release|Any CPU.Build.0 = Release|Any CPU
		{F072E432-6BD6-40AC-859A-430C612121CF}.Debug|Any CPU.ActiveCfg = Debug|Any CPU
		{F072E432-6BD6-40AC-859A-430C612121CF}.Debug|Any CPU.Build.0 = Debug|Any CPU
		{F072E432-6BD6-40AC-859A-430C612121CF}.Release|Any CPU.ActiveCfg = Release|Any CPU
		{F072E432-6BD6-40AC-859A-430C612121CF}.Release|Any CPU.Build.0 = Release|Any CPU
	EndGlobalSection
	GlobalSection(SolutionProperties) = preSolution
		HideSolutionNode = FALSE
	EndGlobalSection
EndGlobal
